// !$*UTF8*$!
{
	archiveVersion = 1;
	classes = {
	};
	objectVersion = 46;
	objects = {

/* Begin PBXBuildFile section */
		BE2C53ED17AC17150058D0D0 /* UIKit.framework in Frameworks */ = {isa = PBXBuildFile; fileRef = BE2C53EC17AC17150058D0D0 /* UIKit.framework */; };
		BE2C53EF17AC17150058D0D0 /* Foundation.framework in Frameworks */ = {isa = PBXBuildFile; fileRef = BE2C53EE17AC17150058D0D0 /* Foundation.framework */; };
		BE2C53F117AC17150058D0D0 /* CoreGraphics.framework in Frameworks */ = {isa = PBXBuildFile; fileRef = BE2C53F017AC17150058D0D0 /* CoreGraphics.framework */; };
		BE2C53F717AC17150058D0D0 /* InfoPlist.strings in Resources */ = {isa = PBXBuildFile; fileRef = BE2C53F517AC17150058D0D0 /* InfoPlist.strings */; };
		BE2C53F917AC17150058D0D0 /* main.m in Sources */ = {isa = PBXBuildFile; fileRef = BE2C53F817AC17150058D0D0 /* main.m */; };
		BE2C53FD17AC17150058D0D0 /* AppDelegate.m in Sources */ = {isa = PBXBuildFile; fileRef = BE2C53FC17AC17150058D0D0 /* AppDelegate.m */; };
		BE2C53FF17AC17160058D0D0 /* Default.png in Resources */ = {isa = PBXBuildFile; fileRef = BE2C53FE17AC17160058D0D0 /* Default.png */; };
		BE2C540117AC17160058D0D0 /* Default@2x.png in Resources */ = {isa = PBXBuildFile; fileRef = BE2C540017AC17160058D0D0 /* Default@2x.png */; };
		BE2C540317AC17160058D0D0 /* Default-568h@2x.png in Resources */ = {isa = PBXBuildFile; fileRef = BE2C540217AC17160058D0D0 /* Default-568h@2x.png */; };
		BE2C540617AC17160058D0D0 /* ViewController.m in Sources */ = {isa = PBXBuildFile; fileRef = BE2C540517AC17160058D0D0 /* ViewController.m */; };
		BE2C540917AC17160058D0D0 /* ViewController.xib in Resources */ = {isa = PBXBuildFile; fileRef = BE2C540717AC17160058D0D0 /* ViewController.xib */; };
		BE2C541017AC17300058D0D0 /* MediaPlayer.framework in Frameworks */ = {isa = PBXBuildFile; fileRef = BE2C540F17AC17300058D0D0 /* MediaPlayer.framework */; };
/* End PBXBuildFile section */

/* Begin PBXFileReference section */
		BE2C53E917AC17150058D0D0 /* Streamingplayer.app */ = {isa = PBXFileReference; explicitFileType = wrapper.application; includeInIndex = 0; path = Streamingplayer.app; sourceTree = BUILT_PRODUCTS_DIR; };
		BE2C53EC17AC17150058D0D0 /* UIKit.framework */ = {isa = PBXFileReference; lastKnownFileType = wrapper.framework; name = UIKit.framework; path = System/Library/Frameworks/UIKit.framework; sourceTree = SDKROOT; };
		BE2C53EE17AC17150058D0D0 /* Foundation.framework */ = {isa = PBXFileReference; lastKnownFileType = wrapper.framework; name = Foundation.framework; path = System/Library/Frameworks/Foundation.framework; sourceTree = SDKROOT; };
		BE2C53F017AC17150058D0D0 /* CoreGraphics.framework */ = {isa = PBXFileReference; lastKnownFileType = wrapper.framework; name = CoreGraphics.framework; path = System/Library/Frameworks/CoreGraphics.framework; sourceTree = SDKROOT; };
		BE2C53F417AC17150058D0D0 /* Streamingplayer-Info.plist */ = {isa = PBXFileReference; lastKnownFileType = text.plist.xml; path = "Streamingplayer-Info.plist"; sourceTree = "<group>"; };
		BE2C53F617AC17150058D0D0 /* en */ = {isa = PBXFileReference; lastKnownFileType = text.plist.strings; name = en; path = en.lproj/InfoPlist.strings; sourceTree = "<group>"; };
		BE2C53F817AC17150058D0D0 /* main.m */ = {isa = PBXFileReference; lastKnownFileType = sourcecode.c.objc; path = main.m; sourceTree = "<group>"; };
		BE2C53FA17AC17150058D0D0 /* Streamingplayer-Prefix.pch */ = {isa = PBXFileReference; lastKnownFileType = sourcecode.c.h; path = "Streamingplayer-Prefix.pch"; sourceTree = "<group>"; };
		BE2C53FB17AC17150058D0D0 /* AppDelegate.h */ = {isa = PBXFileReference; lastKnownFileType = sourcecode.c.h; path = AppDelegate.h; sourceTree = "<group>"; };
		BE2C53FC17AC17150058D0D0 /* AppDelegate.m */ = {isa = PBXFileReference; lastKnownFileType = sourcecode.c.objc; path = AppDelegate.m; sourceTree = "<group>"; };
		BE2C53FE17AC17160058D0D0 /* Default.png */ = {isa = PBXFileReference; lastKnownFileType = image.png; path = Default.png; sourceTree = "<group>"; };
		BE2C540017AC17160058D0D0 /* Default@2x.png */ = {isa = PBXFileReference; lastKnownFileType = image.png; path = "Default@2x.png"; sourceTree = "<group>"; };
		BE2C540217AC17160058D0D0 /* Default-568h@2x.png */ = {isa = PBXFileReference; lastKnownFileType = image.png; path = "Default-568h@2x.png"; sourceTree = "<group>"; };
		BE2C540417AC17160058D0D0 /* ViewController.h */ = {isa = PBXFileReference; lastKnownFileType = sourcecode.c.h; path = ViewController.h; sourceTree = "<group>"; };
		BE2C540517AC17160058D0D0 /* ViewController.m */ = {isa = PBXFileReference; lastKnownFileType = sourcecode.c.objc; path = ViewController.m; sourceTree = "<group>"; };
		BE2C540817AC17160058D0D0 /* en */ = {isa = PBXFileReference; lastKnownFileType = file.xib; name = en; path = en.lproj/ViewController.xib; sourceTree = "<group>"; };
		BE2C540F17AC17300058D0D0 /* MediaPlayer.framework */ = {isa = PBXFileReference; lastKnownFileType = wrapper.framework; name = MediaPlayer.framework; path = System/Library/Frameworks/MediaPlayer.framework; sourceTree = SDKROOT; };
/* End PBXFileReference section */

/* Begin PBXFrameworksBuildPhase section */
		BE2C53E617AC17150058D0D0 /* Frameworks */ = {
			isa = PBXFrameworksBuildPhase;
			buildActionMask = 2147483647;
			files = (
				BE2C541017AC17300058D0D0 /* MediaPlayer.framework in Frameworks */,
				BE2C53ED17AC17150058D0D0 /* UIKit.framework in Frameworks */,
				BE2C53EF17AC17150058D0D0 /* Foundation.framework in Frameworks */,
				BE2C53F117AC17150058D0D0 /* CoreGraphics.framework in Frameworks */,
			);
			runOnlyForDeploymentPostprocessing = 0;
		};
/* End PBXFrameworksBuildPhase section */

/* Begin PBXGroup section */
		BE2C53E017AC17150058D0D0 = {
			isa = PBXGroup;
			children = (
				BE2C53F217AC17150058D0D0 /* Streamingplayer */,
				BE2C53EB17AC17150058D0D0 /* Frameworks */,
				BE2C53EA17AC17150058D0D0 /* Products */,
			);
			sourceTree = "<group>";
		};
		BE2C53EA17AC17150058D0D0 /* Products */ = {
			isa = PBXGroup;
			children = (
				BE2C53E917AC17150058D0D0 /* Streamingplayer.app */,
			);
			name = Products;
			sourceTree = "<group>";
		};
		BE2C53EB17AC17150058D0D0 /* Frameworks */ = {
			isa = PBXGroup;
			children = (
				BE2C540F17AC17300058D0D0 /* MediaPlayer.framework */,
				BE2C53EC17AC17150058D0D0 /* UIKit.framework */,
				BE2C53EE17AC17150058D0D0 /* Foundation.framework */,
				BE2C53F017AC17150058D0D0 /* CoreGraphics.framework */,
			);
			name = Frameworks;
			sourceTree = "<group>";
		};
		BE2C53F217AC17150058D0D0 /* Streamingplayer */ = {
			isa = PBXGroup;
			children = (
				BE2C53FB17AC17150058D0D0 /* AppDelegate.h */,
				BE2C53FC17AC17150058D0D0 /* AppDelegate.m */,
				BE2C540417AC17160058D0D0 /* ViewController.h */,
				BE2C540517AC17160058D0D0 /* ViewController.m */,
				BE2C540717AC17160058D0D0 /* ViewController.xib */,
				BE2C53F317AC17150058D0D0 /* Supporting Files */,
			);
			path = Streamingplayer;
			sourceTree = "<group>";
		};
		BE2C53F317AC17150058D0D0 /* Supporting Files */ = {
			isa = PBXGroup;
			children = (
				BE2C53F417AC17150058D0D0 /* Streamingplayer-Info.plist */,
				BE2C53F517AC17150058D0D0 /* InfoPlist.strings */,
				BE2C53F817AC17150058D0D0 /* main.m */,
				BE2C53FA17AC17150058D0D0 /* Streamingplayer-Prefix.pch */,
				BE2C53FE17AC17160058D0D0 /* Default.png */,
				BE2C540017AC17160058D0D0 /* Default@2x.png */,
				BE2C540217AC17160058D0D0 /* Default-568h@2x.png */,
			);
			name = "Supporting Files";
			sourceTree = "<group>";
		};
/* End PBXGroup section */

/* Begin PBXNativeTarget section */
		BE2C53E817AC17150058D0D0 /* Streamingplayer */ = {
			isa = PBXNativeTarget;
			buildConfigurationList = BE2C540C17AC17160058D0D0 /* Build configuration list for PBXNativeTarget "Streamingplayer" */;
			buildPhases = (
				BE2C53E517AC17150058D0D0 /* Sources */,
				BE2C53E617AC17150058D0D0 /* Frameworks */,
				BE2C53E717AC17150058D0D0 /* Resources */,
			);
			buildRules = (
			);
			dependencies = (
			);
			name = Streamingplayer;
			productName = Streamingplayer;
			productReference = BE2C53E917AC17150058D0D0 /* Streamingplayer.app */;
			productType = "com.apple.product-type.application";
		};
/* End PBXNativeTarget section */

/* Begin PBXProject section */
		BE2C53E117AC17150058D0D0 /* Project object */ = {
			isa = PBXProject;
			attributes = {
				LastUpgradeCheck = 0460;
				ORGANIZATIONNAME = "Nirbhay Kundan";
			};
			buildConfigurationList = BE2C53E417AC17150058D0D0 /* Build configuration list for PBXProject "Streamingplayer" */;
			compatibilityVersion = "Xcode 3.2";
			developmentRegion = English;
			hasScannedForEncodings = 0;
			knownRegions = (
				en,
			);
			mainGroup = BE2C53E017AC17150058D0D0;
			productRefGroup = BE2C53EA17AC17150058D0D0 /* Products */;
			projectDirPath = "";
			projectRoot = "";
			targets = (
				BE2C53E817AC17150058D0D0 /* Streamingplayer */,
			);
		};
/* End PBXProject section */

/* Begin PBXResourcesBuildPhase section */
		BE2C53E717AC17150058D0D0 /* Resources */ = {
			isa = PBXResourcesBuildPhase;
			buildActionMask = 2147483647;
			files = (
				BE2C53F717AC17150058D0D0 /* InfoPlist.strings in Resources */,
				BE2C53FF17AC17160058D0D0 /* Default.png in Resources */,
				BE2C540117AC17160058D0D0 /* Default@2x.png in Resources */,
				BE2C540317AC17160058D0D0 /* Default-568h@2x.png in Resources */,
				BE2C540917AC17160058D0D0 /* ViewController.xib in Resources */,
			);
			runOnlyForDeploymentPostprocessing = 0;
		};
/* End PBXResourcesBuildPhase section */

/* Begin PBXSourcesBuildPhase section */
		BE2C53E517AC17150058D0D0 /* Sources */ = {
			isa = PBXSourcesBuildPhase;
			buildActionMask = 2147483647;
			files = (
				BE2C53F917AC17150058D0D0 /* main.m in Sources */,
				BE2C53FD17AC17150058D0D0 /* AppDelegate.m in Sources */,
				BE2C540617AC17160058D0D0 /* ViewController.m in Sources */,
			);
			runOnlyForDeploymentPostprocessing = 0;
		};
/* End PBXSourcesBuildPhase section */

/* Begin PBXVariantGroup section */
		BE2C53F517AC17150058D0D0 /* InfoPlist.strings */ = {
			isa = PBXVariantGroup;
			children = (
				BE2C53F617AC17150058D0D0 /* en */,
			);
			name = InfoPlist.strings;
			sourceTree = "<group>";
		};
		BE2C540717AC17160058D0D0 /* ViewController.xib */ = {
			isa = PBXVariantGroup;
			children = (
				BE2C540817AC17160058D0D0 /* en */,
			);
			name = ViewController.xib;
			sourceTree = "<group>";
		};
/* End PBXVariantGroup section */

/* Begin XCBuildConfiguration section */
		BE2C540A17AC17160058D0D0 /* Debug */ = {
			isa = XCBuildConfiguration;
			buildSettings = {
				ALWAYS_SEARCH_USER_PATHS = NO;
				CLANG_CXX_LANGUAGE_STANDARD = "gnu++0x";
				CLANG_CXX_LIBRARY = "libc++";
				CLANG_WARN_CONSTANT_CONVERSION = YES;
				CLANG_WARN_EMPTY_BODY = YES;
				CLANG_WARN_ENUM_CONVERSION = YES;
				CLANG_WARN_INT_CONVERSION = YES;
				CLANG_WARN__DUPLICATE_METHOD_MATCH = YES;
				"CODE_SIGN_IDENTITY[sdk=iphoneos*]" = "iPhone Developer";
				COPY_PHASE_STRIP = NO;
				GCC_C_LANGUAGE_STANDARD = gnu99;
				GCC_DYNAMIC_NO_PIC = NO;
				GCC_OPTIMIZATION_LEVEL = 0;
				GCC_PREPROCESSOR_DEFINITIONS = (
					"DEBUG=1",
					"$(inherited)",
				);
				GCC_SYMBOLS_PRIVATE_EXTERN = NO;
				GCC_WARN_ABOUT_RETURN_TYPE = YES;
				GCC_WARN_UNINITIALIZED_AUTOS = YES;
				GCC_WARN_UNUSED_VARIABLE = YES;
				IPHONEOS_DEPLOYMENT_TARGET = 6.1;
				ONLY_ACTIVE_ARCH = YES;
				SDKROOT = iphoneos;
				TARGETED_DEVICE_FAMILY = 2;
			};
			name = Debug;
		};
		BE2C540B17AC17160058D0D0 /* Release */ = {
			isa = XCBuildConfiguration;
			buildSettings = {
				ALWAYS_SEARCH_USER_PATHS = NO;
				CLANG_CXX_LANGUAGE_STANDARD = "gnu++0x";
				CLANG_CXX_LIBRARY = "libc++";
				CLANG_WARN_CONSTANT_CONVERSION = YES;
				CLANG_WARN_EMPTY_BODY = YES;
				CLANG_WARN_ENUM_CONVERSION = YES;
				CLANG_WARN_INT_CONVERSION = YES;
				CLANG_WARN__DUPLICATE_METHOD_MATCH = YES;
				"CODE_SIGN_IDENTITY[sdk=iphoneos*]" = "iPhone Developer";
				COPY_PHASE_STRIP = YES;
				GCC_C_LANGUAGE_STANDARD = gnu99;
				GCC_WARN_ABOUT_RETURN_TYPE = YES;
				GCC_WARN_UNINITIALIZED_AUTOS = YES;
				GCC_WARN_UNUSED_VARIABLE = YES;
				IPHONEOS_DEPLOYMENT_TARGET = 6.1;
				OTHER_CFLAGS = "-DNS_BLOCK_ASSERTIONS=1";
				SDKROOT = iphoneos;
				TARGETED_DEVICE_FAMILY = 2;
				VALIDATE_PRODUCT = YES;
			};
			name = Release;
		};
		BE2C540D17AC17160058D0D0 /* Debug */ = {
			isa = XCBuildConfiguration;
			buildSettings = {
				GCC_PRECOMPILE_PREFIX_HEADER = YES;
				GCC_PREFIX_HEADER = "Streamingplayer/Streamingplayer-Prefix.pch";
				INFOPLIST_FILE = "Streamingplayer/Streamingplayer-Info.plist";
				PRODUCT_NAME = "$(TARGET_NAME)";
				WRAPPER_EXTENSION = app;
			};
			name = Debug;
		};
		BE2C540E17AC17160058D0D0 /* Release */ = {
			isa = XCBuildConfiguration;
			buildSettings = {
				GCC_PRECOMPILE_PREFIX_HEADER = YES;
				GCC_PREFIX_HEADER = "Streamingplayer/Streamingplayer-Prefix.pch";
				INFOPLIST_FILE = "Streamingplayer/Streamingplayer-Info.plist";
				PRODUCT_NAME = "$(TARGET_NAME)";
				WRAPPER_EXTENSION = app;
			};
			name = Release;
		};
/* End XCBuildConfiguration section */

/* Begin XCConfigurationList section */
		BE2C53E417AC17150058D0D0 /* Build configuration list for PBXProject "Streamingplayer" */ = {
			isa = XCConfigurationList;
			buildConfigurations = (
				BE2C540A17AC17160058D0D0 /* Debug */,
				BE2C540B17AC17160058D0D0 /* Release */,
			);
			defaultConfigurationIsVisible = 0;
			defaultConfigurationName = Release;
		};
		BE2C540C17AC17160058D0D0 /* Build configuration list for PBXNativeTarget "Streamingplayer" */ = {
			isa = XCConfigurationList;
			buildConfigurations = (
				BE2C540D17AC17160058D0D0 /* Debug */,
				BE2C540E17AC17160058D0D0 /* Release */,
			);
			defaultConfigurationIsVisible = 0;
		};
/* End XCConfigurationList section */
	};
	rootObject = BE2C53E117AC17150058D0D0 /* Project object */;
}
